
Microsoft Visual Studio Solution File, Format Version 12.00
# Visual Studio Version 17
VisualStudioVersion = 17.5.002.0
MinimumVisualStudioVersion = 10.0.40219.1
Project("{9A19103F-16F7-4668-BE54-9A1E7A4F7556}") = "cliente", "cliente.csproj", "{3C2946C4-30CA-4E17-9025-C01278A96908}"
EndProject
Global
	GlobalSection(SolutionConfigurationPlatforms) = preSolution
		Debug|Any CPU = Debug|Any CPU
		Release|Any CPU = Release|Any CPU
	EndGlobalSection
	GlobalSection(ProjectConfigurationPlatforms) = postSolution
		{3C2946C4-30CA-4E17-9025-C01278A96908}.Debug|Any CPU.ActiveCfg = Debug|Any CPU
		{3C2946C4-30CA-4E17-9025-C01278A96908}.Debug|Any CPU.Build.0 = Debug|Any CPU
		{3C2946C4-30CA-4E17-9025-C01278A96908}.Release|Any CPU.ActiveCfg = Release|Any CPU
		{3C2946C4-30CA-4E17-9025-C01278A96908}.Release|Any CPU.Build.0 = Release|Any CPU
	EndGlobalSection
	GlobalSection(SolutionProperties) = preSolution
		HideSolutionNode = FALSE
	EndGlobalSection
	GlobalSection(ExtensibilityGlobals) = postSolution
		SolutionGuid = {AF181965-C06E-4050-8BDD-A973D3921A5E}
	EndGlobalSection
EndGlobal
