
Microsoft Visual Studio Solution File, Format Version 12.00
# Visual Studio Version 17
VisualStudioVersion = 17.5.002.0
MinimumVisualStudioVersion = 10.0.40219.1
Project("{9A19103F-16F7-4668-BE54-9A1E7A4F7556}") = "servidor", "servidor.csproj", "{49062E62-CF51-499B-AD9B-B277AC300BCD}"
EndProject
Global
	GlobalSection(SolutionConfigurationPlatforms) = preSolution
		Debug|Any CPU = Debug|Any CPU
		Release|Any CPU = Release|Any CPU
	EndGlobalSection
	GlobalSection(ProjectConfigurationPlatforms) = postSolution
		{49062E62-CF51-499B-AD9B-B277AC300BCD}.Debug|Any CPU.ActiveCfg = Debug|Any CPU
		{49062E62-CF51-499B-AD9B-B277AC300BCD}.Debug|Any CPU.Build.0 = Debug|Any CPU
		{49062E62-CF51-499B-AD9B-B277AC300BCD}.Release|Any CPU.ActiveCfg = Release|Any CPU
		{49062E62-CF51-499B-AD9B-B277AC300BCD}.Release|Any CPU.Build.0 = Release|Any CPU
	EndGlobalSection
	GlobalSection(SolutionProperties) = preSolution
		HideSolutionNode = FALSE
	EndGlobalSection
	GlobalSection(ExtensibilityGlobals) = postSolution
		SolutionGuid = {87FFCB51-85A0-44B8-B012-3441226EC334}
	EndGlobalSection
EndGlobal
